
Microsoft Visual Studio Solution File, Format Version 12.00
# Visual Studio Version 17
VisualStudioVersion = 17.4.33205.214
MinimumVisualStudioVersion = 10.0.40219.1
Project("{FAE04EC0-301F-11D3-BF4B-00C04F79EFBC}") = "WindowsFormsApp1", "WindowsFormsApp1.csproj", "{778DF3DD-27CD-4CA1-A9CC-8529EFC9E5CA}"
EndProject
Global
	GlobalSection(SolutionConfigurationPlatforms) = preSolution
		Debug|Any CPU = Debug|Any CPU
		Release|Any CPU = Release|Any CPU
	EndGlobalSection
	GlobalSection(ProjectConfigurationPlatforms) = postSolution
		{778DF3DD-27CD-4CA1-A9CC-8529EFC9E5CA}.Debug|Any CPU.ActiveCfg = Debug|Any CPU
		{778DF3DD-27CD-4CA1-A9CC-8529EFC9E5CA}.Debug|Any CPU.Build.0 = Debug|Any CPU
		{778DF3DD-27CD-4CA1-A9CC-8529EFC9E5CA}.Release|Any CPU.ActiveCfg = Release|Any CPU
		{778DF3DD-27CD-4CA1-A9CC-8529EFC9E5CA}.Release|Any CPU.Build.0 = Release|Any CPU
	EndGlobalSection
	GlobalSection(SolutionProperties) = preSolution
		HideSolutionNode = FALSE
	EndGlobalSection
	GlobalSection(ExtensibilityGlobals) = postSolution
		SolutionGuid = {FCBEF775-54C7-4B07-96B9-8040AE6213F7}
	EndGlobalSection
EndGlobal
